{
  "lib/forge-std": {
    "rev": "1801b0541f4fda118a10798fd3486bb7051c5dd6"
  },
  "lib/makina-core": {
    "rev": "29e07319109a71202f69546b2da6a32017b119a0"
  },
  "lib/makina-periphery": {
    "rev": "5be529a000f21271e2de28c9193262dbf073d3f1"
  },
  "lib/openzeppelin-contracts-upgradeable": {
    "rev": "7bf4727aacdbfaa0f36cbd664654d0c9e1dc52bf"
  }
}