{
  "lib/forge-std": {
    "tag": {
      "name": "v1.16.2",
      "rev": "bf647bd6046f2f7da30d0c2bf435e5c76a780c1b"
    }
  },
  "lib/makina-core": {
    "rev": "9a44b295cf14c0a25f65eb006f44bdd0c97408be"
  },
  "lib/makina-periphery": {
    "rev": "51e42001130046213c87fec5ee7a3ade01c99077"
  },
  "lib/openzeppelin-contracts-upgradeable": {
    "tag": {
      "name": "v5.6.1",
      "rev": "7bf4727aacdbfaa0f36cbd664654d0c9e1dc52bf"
    }
  }
}
